
Microsoft Visual Studio Solution File, Format Version 12.00
# Visual Studio Version 17
VisualStudioVersion = 17.4.33213.308
MinimumVisualStudioVersion = 10.0.40219.1
Project("{FAE04EC0-301F-11D3-BF4B-00C04F79EFBC}") = "MyFirstApp", "MyFirstApp\MyFirstApp.csproj", "{3DCDA18B-BA7A-4EB8-BBC7-A7F654CCC1AB}"
EndProject
Global
	GlobalSection(SolutionConfigurationPlatforms) = preSolution
		Debug|Any CPU = Debug|Any CPU
		Release|Any CPU = Release|Any CPU
	EndGlobalSection
	GlobalSection(ProjectConfigurationPlatforms) = postSolution
		{3DCDA18B-BA7A-4EB8-BBC7-A7F654CCC1AB}.Debug|Any CPU.ActiveCfg = Debug|Any CPU
		{3DCDA18B-BA7A-4EB8-BBC7-A7F654CCC1AB}.Debug|Any CPU.Build.0 = Debug|Any CPU
		{3DCDA18B-BA7A-4EB8-BBC7-A7F654CCC1AB}.Release|Any CPU.ActiveCfg = Release|Any CPU
		{3DCDA18B-BA7A-4EB8-BBC7-A7F654CCC1AB}.Release|Any CPU.Build.0 = Release|Any CPU
	EndGlobalSection
	GlobalSection(SolutionProperties) = preSolution
		HideSolutionNode = FALSE
	EndGlobalSection
	GlobalSection(ExtensibilityGlobals) = postSolution
		SolutionGuid = {3531F427-CBAC-4743-872A-C30BF2B6FCD2}
	EndGlobalSection
EndGlobal
